
Microsoft Visual Studio Solution File, Format Version 12.00
# Visual Studio 2013
Project("{FAE04EC0-301F-11D3-BF4B-00C04F79EFBC}") = "ProjectBSD.CSharp.Plugins", "ProjectBSD.CSharp.Plugins.csproj", "{57294602-A668-6C92-7F93-BBEA0D0C986B}"
EndProject
Project("{FAE04EC0-301F-11D3-BF4B-00C04F79EFBC}") = "ProjectBSD.CSharp", "ProjectBSD.CSharp.csproj", "{679759EE-9450-429B-8225-A35197E11D63}"
EndProject
Project("{FAE04EC0-301F-11D3-BF4B-00C04F79EFBC}") = "ProjectBSD.CSharp.Editor", "ProjectBSD.CSharp.Editor.csproj", "{6B959CED-0F46-4B7D-3B8E-2DE517564A54}"
EndProject
Global
	GlobalSection(SolutionConfigurationPlatforms) = preSolution
		Debug|Any CPU = Debug|Any CPU
		Release|Any CPU = Release|Any CPU
	EndGlobalSection
	GlobalSection(ProjectConfigurationPlatforms) = postSolution
		{57294602-A668-6C92-7F93-BBEA0D0C986B}.Debug|Any CPU.ActiveCfg = Debug|Any CPU
		{57294602-A668-6C92-7F93-BBEA0D0C986B}.Debug|Any CPU.Build.0 = Debug|Any CPU
		{57294602-A668-6C92-7F93-BBEA0D0C986B}.Release|Any CPU.ActiveCfg = Release|Any CPU
		{57294602-A668-6C92-7F93-BBEA0D0C986B}.Release|Any CPU.Build.0 = Release|Any CPU
		{679759EE-9450-429B-8225-A35197E11D63}.Debug|Any CPU.ActiveCfg = Debug|Any CPU
		{679759EE-9450-429B-8225-A35197E11D63}.Debug|Any CPU.Build.0 = Debug|Any CPU
		{679759EE-9450-429B-8225-A35197E11D63}.Release|Any CPU.ActiveCfg = Release|Any CPU
		{679759EE-9450-429B-8225-A35197E11D63}.Release|Any CPU.Build.0 = Release|Any CPU
		{6B959CED-0F46-4B7D-3B8E-2DE517564A54}.Debug|Any CPU.ActiveCfg = Debug|Any CPU
		{6B959CED-0F46-4B7D-3B8E-2DE517564A54}.Debug|Any CPU.Build.0 = Debug|Any CPU
		{6B959CED-0F46-4B7D-3B8E-2DE517564A54}.Release|Any CPU.ActiveCfg = Release|Any CPU
		{6B959CED-0F46-4B7D-3B8E-2DE517564A54}.Release|Any CPU.Build.0 = Release|Any CPU
	EndGlobalSection
	GlobalSection(SolutionProperties) = preSolution
		HideSolutionNode = FALSE
	EndGlobalSection
EndGlobal
